
Microsoft Visual Studio Solution File, Format Version 10.00
# Visual Studio 2008
Project("{8BC9CEB8-8B4A-11D0-8D11-00A0C91BC942}") = "Odev1", "Odev1\Odev1.vcproj", "{10EE93C6-57F0-4FE8-8B0C-EDFCDA7E5AB0}"
EndProject
Global
	GlobalSection(SolutionConfigurationPlatforms) = preSolution
		Debug|Win32 = Debug|Win32
		Release|Win32 = Release|Win32
	EndGlobalSection
	GlobalSection(ProjectConfigurationPlatforms) = postSolution
		{10EE93C6-57F0-4FE8-8B0C-EDFCDA7E5AB0}.Debug|Win32.ActiveCfg = Debug|Win32
		{10EE93C6-57F0-4FE8-8B0C-EDFCDA7E5AB0}.Debug|Win32.Build.0 = Debug|Win32
		{10EE93C6-57F0-4FE8-8B0C-EDFCDA7E5AB0}.Release|Win32.ActiveCfg = Release|Win32
		{10EE93C6-57F0-4FE8-8B0C-EDFCDA7E5AB0}.Release|Win32.Build.0 = Release|Win32
	EndGlobalSection
	GlobalSection(SolutionProperties) = preSolution
		HideSolutionNode = FALSE
	EndGlobalSection
EndGlobal
